
Microsoft Visual Studio Solution File, Format Version 12.00
# Visual Studio 14
VisualStudioVersion = 14.0.25123.0
MinimumVisualStudioVersion = 10.0.40219.1
Project("{8BC9CEB8-8B4A-11D0-8D11-00A0C91BC942}") = "01-HeapStack", "01-HeapStack\01-HeapStack.vcxproj", "{73A3CD8B-B830-4AEE-AF2E-5689DDB2DCEA}"
EndProject
Project("{8BC9CEB8-8B4A-11D0-8D11-00A0C91BC942}") = "02-Pointer_Arithmetic", "02-Pointer_Arithmetic\02-Pointer_Arithmetic.vcxproj", "{D480781B-47A2-4E39-90FA-34D4AFE19582}"
EndProject
Project("{8BC9CEB8-8B4A-11D0-8D11-00A0C91BC942}") = "03-References", "03-References\03-References.vcxproj", "{99C5E5C6-D2CF-4B18-A505-608CFEE761C8}"
EndProject
Project("{8BC9CEB8-8B4A-11D0-8D11-00A0C91BC942}") = "DiffNameLater", "DiffNameLater\DiffNameLater.vcxproj", "{0D6DFC72-8F24-45F3-A912-CE361CB267C4}"
EndProject
Project("{8BC9CEB8-8B4A-11D0-8D11-00A0C91BC942}") = "References", "References\References.vcxproj", "{5C802A84-D2B3-4CF2-8B1A-B5E4FCB4C300}"
EndProject
Global
	GlobalSection(SolutionConfigurationPlatforms) = preSolution
		Debug|x64 = Debug|x64
		Debug|x86 = Debug|x86
		Release|x64 = Release|x64
		Release|x86 = Release|x86
	EndGlobalSection
	GlobalSection(ProjectConfigurationPlatforms) = postSolution
		{73A3CD8B-B830-4AEE-AF2E-5689DDB2DCEA}.Debug|x64.ActiveCfg = Debug|x64
		{73A3CD8B-B830-4AEE-AF2E-5689DDB2DCEA}.Debug|x64.Build.0 = Debug|x64
		{73A3CD8B-B830-4AEE-AF2E-5689DDB2DCEA}.Debug|x86.ActiveCfg = Debug|Win32
		{73A3CD8B-B830-4AEE-AF2E-5689DDB2DCEA}.Debug|x86.Build.0 = Debug|Win32
		{73A3CD8B-B830-4AEE-AF2E-5689DDB2DCEA}.Release|x64.ActiveCfg = Release|x64
		{73A3CD8B-B830-4AEE-AF2E-5689DDB2DCEA}.Release|x64.Build.0 = Release|x64
		{73A3CD8B-B830-4AEE-AF2E-5689DDB2DCEA}.Release|x86.ActiveCfg = Release|Win32
		{73A3CD8B-B830-4AEE-AF2E-5689DDB2DCEA}.Release|x86.Build.0 = Release|Win32
		{D480781B-47A2-4E39-90FA-34D4AFE19582}.Debug|x64.ActiveCfg = Debug|x64
		{D480781B-47A2-4E39-90FA-34D4AFE19582}.Debug|x64.Build.0 = Debug|x64
		{D480781B-47A2-4E39-90FA-34D4AFE19582}.Debug|x86.ActiveCfg = Debug|Win32
		{D480781B-47A2-4E39-90FA-34D4AFE19582}.Debug|x86.Build.0 = Debug|Win32
		{D480781B-47A2-4E39-90FA-34D4AFE19582}.Release|x64.ActiveCfg = Release|x64
		{D480781B-47A2-4E39-90FA-34D4AFE19582}.Release|x64.Build.0 = Release|x64
		{D480781B-47A2-4E39-90FA-34D4AFE19582}.Release|x86.ActiveCfg = Release|Win32
		{D480781B-47A2-4E39-90FA-34D4AFE19582}.Release|x86.Build.0 = Release|Win32
		{99C5E5C6-D2CF-4B18-A505-608CFEE761C8}.Debug|x64.ActiveCfg = Debug|x64
		{99C5E5C6-D2CF-4B18-A505-608CFEE761C8}.Debug|x64.Build.0 = Debug|x64
		{99C5E5C6-D2CF-4B18-A505-608CFEE761C8}.Debug|x86.ActiveCfg = Debug|Win32
		{99C5E5C6-D2CF-4B18-A505-608CFEE761C8}.Debug|x86.Build.0 = Debug|Win32
		{99C5E5C6-D2CF-4B18-A505-608CFEE761C8}.Release|x64.ActiveCfg = Release|x64
		{99C5E5C6-D2CF-4B18-A505-608CFEE761C8}.Release|x64.Build.0 = Release|x64
		{99C5E5C6-D2CF-4B18-A505-608CFEE761C8}.Release|x86.ActiveCfg = Release|Win32
		{99C5E5C6-D2CF-4B18-A505-608CFEE761C8}.Release|x86.Build.0 = Release|Win32
		{0D6DFC72-8F24-45F3-A912-CE361CB267C4}.Debug|x64.ActiveCfg = Debug|x64
		{0D6DFC72-8F24-45F3-A912-CE361CB267C4}.Debug|x64.Build.0 = Debug|x64
		{0D6DFC72-8F24-45F3-A912-CE361CB267C4}.Debug|x86.ActiveCfg = Debug|Win32
		{0D6DFC72-8F24-45F3-A912-CE361CB267C4}.Debug|x86.Build.0 = Debug|Win32
		{0D6DFC72-8F24-45F3-A912-CE361CB267C4}.Release|x64.ActiveCfg = Release|x64
		{0D6DFC72-8F24-45F3-A912-CE361CB267C4}.Release|x64.Build.0 = Release|x64
		{0D6DFC72-8F24-45F3-A912-CE361CB267C4}.Release|x86.ActiveCfg = Release|Win32
		{0D6DFC72-8F24-45F3-A912-CE361CB267C4}.Release|x86.Build.0 = Release|Win32
		{5C802A84-D2B3-4CF2-8B1A-B5E4FCB4C300}.Debug|x64.ActiveCfg = Debug|x64
		{5C802A84-D2B3-4CF2-8B1A-B5E4FCB4C300}.Debug|x64.Build.0 = Debug|x64
		{5C802A84-D2B3-4CF2-8B1A-B5E4FCB4C300}.Debug|x86.ActiveCfg = Debug|Win32
		{5C802A84-D2B3-4CF2-8B1A-B5E4FCB4C300}.Debug|x86.Build.0 = Debug|Win32
		{5C802A84-D2B3-4CF2-8B1A-B5E4FCB4C300}.Release|x64.ActiveCfg = Release|x64
		{5C802A84-D2B3-4CF2-8B1A-B5E4FCB4C300}.Release|x64.Build.0 = Release|x64
		{5C802A84-D2B3-4CF2-8B1A-B5E4FCB4C300}.Release|x86.ActiveCfg = Release|Win32
		{5C802A84-D2B3-4CF2-8B1A-B5E4FCB4C300}.Release|x86.Build.0 = Release|Win32
	EndGlobalSection
	GlobalSection(SolutionProperties) = preSolution
		HideSolutionNode = FALSE
	EndGlobalSection
EndGlobal
